
Microsoft Visual Studio Solution File, Format Version 12.00
# Visual Studio 15
VisualStudioVersion = 15.0.26124.0
MinimumVisualStudioVersion = 15.0.26124.0
Project("{FAE04EC0-301F-11D3-BF4B-00C04F79EFBC}") = "Game.Logic", "Game.Logic\Game.Logic.csproj", "{41D3094C-C863-4D1C-9F68-E846D16192BB}"
EndProject
Project("{FAE04EC0-301F-11D3-BF4B-00C04F79EFBC}") = "Game.Framework", "Game.Framework\Game.Framework.csproj", "{098CBEC0-DF44-44EB-A500-5FD833916D3E}"
EndProject
Project("{FAE04EC0-301F-11D3-BF4B-00C04F79EFBC}") = "Game.Engine", "Game.Engine\Game.Engine.csproj", "{10E1DD54-C710-4219-9F21-2D45B332A7E9}"
EndProject
Global
	GlobalSection(SolutionConfigurationPlatforms) = preSolution
		Debug|Any CPU = Debug|Any CPU
		Debug|x64 = Debug|x64
		Debug|x86 = Debug|x86
		Release|Any CPU = Release|Any CPU
		Release|x64 = Release|x64
		Release|x86 = Release|x86
	EndGlobalSection
	GlobalSection(SolutionProperties) = preSolution
		HideSolutionNode = FALSE
	EndGlobalSection
	GlobalSection(ProjectConfigurationPlatforms) = postSolution
		{41D3094C-C863-4D1C-9F68-E846D16192BB}.Debug|Any CPU.ActiveCfg = Debug|Any CPU
		{41D3094C-C863-4D1C-9F68-E846D16192BB}.Debug|Any CPU.Build.0 = Debug|Any CPU
		{41D3094C-C863-4D1C-9F68-E846D16192BB}.Debug|x64.ActiveCfg = Debug|Any CPU
		{41D3094C-C863-4D1C-9F68-E846D16192BB}.Debug|x64.Build.0 = Debug|Any CPU
		{41D3094C-C863-4D1C-9F68-E846D16192BB}.Debug|x86.ActiveCfg = Debug|Any CPU
		{41D3094C-C863-4D1C-9F68-E846D16192BB}.Debug|x86.Build.0 = Debug|Any CPU
		{41D3094C-C863-4D1C-9F68-E846D16192BB}.Release|Any CPU.ActiveCfg = Release|Any CPU
		{41D3094C-C863-4D1C-9F68-E846D16192BB}.Release|Any CPU.Build.0 = Release|Any CPU
		{41D3094C-C863-4D1C-9F68-E846D16192BB}.Release|x64.ActiveCfg = Release|Any CPU
		{41D3094C-C863-4D1C-9F68-E846D16192BB}.Release|x64.Build.0 = Release|Any CPU
		{41D3094C-C863-4D1C-9F68-E846D16192BB}.Release|x86.ActiveCfg = Release|Any CPU
		{41D3094C-C863-4D1C-9F68-E846D16192BB}.Release|x86.Build.0 = Release|Any CPU
		{098CBEC0-DF44-44EB-A500-5FD833916D3E}.Debug|Any CPU.ActiveCfg = Debug|Any CPU
		{098CBEC0-DF44-44EB-A500-5FD833916D3E}.Debug|Any CPU.Build.0 = Debug|Any CPU
		{098CBEC0-DF44-44EB-A500-5FD833916D3E}.Debug|x64.ActiveCfg = Debug|Any CPU
		{098CBEC0-DF44-44EB-A500-5FD833916D3E}.Debug|x64.Build.0 = Debug|Any CPU
		{098CBEC0-DF44-44EB-A500-5FD833916D3E}.Debug|x86.ActiveCfg = Debug|Any CPU
		{098CBEC0-DF44-44EB-A500-5FD833916D3E}.Debug|x86.Build.0 = Debug|Any CPU
		{098CBEC0-DF44-44EB-A500-5FD833916D3E}.Release|Any CPU.ActiveCfg = Release|Any CPU
		{098CBEC0-DF44-44EB-A500-5FD833916D3E}.Release|Any CPU.Build.0 = Release|Any CPU
		{098CBEC0-DF44-44EB-A500-5FD833916D3E}.Release|x64.ActiveCfg = Release|Any CPU
		{098CBEC0-DF44-44EB-A500-5FD833916D3E}.Release|x64.Build.0 = Release|Any CPU
		{098CBEC0-DF44-44EB-A500-5FD833916D3E}.Release|x86.ActiveCfg = Release|Any CPU
		{098CBEC0-DF44-44EB-A500-5FD833916D3E}.Release|x86.Build.0 = Release|Any CPU
		{10E1DD54-C710-4219-9F21-2D45B332A7E9}.Debug|Any CPU.ActiveCfg = Debug|Any CPU
		{10E1DD54-C710-4219-9F21-2D45B332A7E9}.Debug|Any CPU.Build.0 = Debug|Any CPU
		{10E1DD54-C710-4219-9F21-2D45B332A7E9}.Debug|x64.ActiveCfg = Debug|Any CPU
		{10E1DD54-C710-4219-9F21-2D45B332A7E9}.Debug|x64.Build.0 = Debug|Any CPU
		{10E1DD54-C710-4219-9F21-2D45B332A7E9}.Debug|x86.ActiveCfg = Debug|Any CPU
		{10E1DD54-C710-4219-9F21-2D45B332A7E9}.Debug|x86.Build.0 = Debug|Any CPU
		{10E1DD54-C710-4219-9F21-2D45B332A7E9}.Release|Any CPU.ActiveCfg = Release|Any CPU
		{10E1DD54-C710-4219-9F21-2D45B332A7E9}.Release|Any CPU.Build.0 = Release|Any CPU
		{10E1DD54-C710-4219-9F21-2D45B332A7E9}.Release|x64.ActiveCfg = Release|Any CPU
		{10E1DD54-C710-4219-9F21-2D45B332A7E9}.Release|x64.Build.0 = Release|Any CPU
		{10E1DD54-C710-4219-9F21-2D45B332A7E9}.Release|x86.ActiveCfg = Release|Any CPU
		{10E1DD54-C710-4219-9F21-2D45B332A7E9}.Release|x86.Build.0 = Release|Any CPU
	EndGlobalSection
EndGlobal
